
Microsoft Visual Studio Solution File, Format Version 12.00
# Visual Studio 15
VisualStudioVersion = 15.0.27004.2002
MinimumVisualStudioVersion = 10.0.40219.1
Project("{E24C65DC-7377-472B-9ABA-BC803B73C61A}") = "Webogram", ".", "{ED7D5222-B8F9-4156-80D8-B0CED6D81FB8}"
	ProjectSection(WebsiteProperties) = preProject
		TargetFrameworkMoniker = ".NETFramework,Version%3Dv4.0"
		Debug.AspNetCompiler.VirtualPath = "/localhost_50055"
		Debug.AspNetCompiler.PhysicalPath = "E:\pfm\MnChat\ClientApps\Webogram\"
		Debug.AspNetCompiler.TargetPath = "PrecompiledWeb\localhost_50055\"
		Debug.AspNetCompiler.Updateable = "true"
		Debug.AspNetCompiler.ForceOverwrite = "true"
		Debug.AspNetCompiler.FixedNames = "false"
		Debug.AspNetCompiler.Debug = "True"
		Release.AspNetCompiler.VirtualPath = "/localhost_50055"
		Release.AspNetCompiler.PhysicalPath = "E:\pfm\MnChat\ClientApps\Webogram\"
		Release.AspNetCompiler.TargetPath = "PrecompiledWeb\localhost_50055\"
		Release.AspNetCompiler.Updateable = "true"
		Release.AspNetCompiler.ForceOverwrite = "true"
		Release.AspNetCompiler.FixedNames = "false"
		Release.AspNetCompiler.Debug = "False"
		VWDPort = "50055"
	EndProjectSection
EndProject
Global
	GlobalSection(SolutionConfigurationPlatforms) = preSolution
		Debug|Any CPU = Debug|Any CPU
	EndGlobalSection
	GlobalSection(ProjectConfigurationPlatforms) = postSolution
		{ED7D5222-B8F9-4156-80D8-B0CED6D81FB8}.Debug|Any CPU.ActiveCfg = Debug|Any CPU
		{ED7D5222-B8F9-4156-80D8-B0CED6D81FB8}.Debug|Any CPU.Build.0 = Debug|Any CPU
	EndGlobalSection
	GlobalSection(SolutionProperties) = preSolution
		HideSolutionNode = FALSE
	EndGlobalSection
	GlobalSection(ExtensibilityGlobals) = postSolution
		SolutionGuid = {B50E9B2F-95E9-47B8-B3C6-D428560621B8}
	EndGlobalSection
EndGlobal
